Microsoft Visual Studio Solution File, Format Version 12.00
# Visual Studio Version 17
VisualStudioVersion = 17.5.2.0
MinimumVisualStudioVersion = 10.0.40219.1
Project("{FAE04EC0-301F-11D3-BF4B-00C04F79EFBC}") = "KitchenStoreAPI", "KitchenStoreAPI.csproj", "{76996F1C-4963-E399-BA28-FA911E873F65}"
EndProject
Global
	GlobalSection(SolutionConfigurationPlatforms) = preSolution
		Debug|Any CPU = Debug|Any CPU
		Release|Any CPU = Release|Any CPU
	EndGlobalSection
	GlobalSection(ProjectConfigurationPlatforms) = postSolution
		{76996F1C-4963-E399-BA28-FA911E873F65}.Debug|Any CPU.ActiveCfg = Debug|Any CPU
		{76996F1C-4963-E399-BA28-FA911E873F65}.Debug|Any CPU.Build.0 = Debug|Any CPU
		{76996F1C-4963-E399-BA28-FA911E873F65}.Release|Any CPU.ActiveCfg = Release|Any CPU
		{76996F1C-4963-E399-BA28-FA911E873F65}.Release|Any CPU.Build.0 = Release|Any CPU
	EndGlobalSection
	GlobalSection(SolutionProperties) = preSolution
		HideSolutionNode = FALSE
	EndGlobalSection
	GlobalSection(ExtensibilityGlobals) = postSolution
		SolutionGuid = {B0C5C9EB-1F74-48DE-B4CF-E395BEDDB2A4}
	EndGlobalSection
EndGlobal
